
Microsoft Visual Studio Solution File, Format Version 12.00
# Visual Studio Version 16
VisualStudioVersion = 16.0.31402.337
MinimumVisualStudioVersion = 10.0.40219.1
Project("{FAE04EC0-301F-11D3-BF4B-00C04F79EFBC}") = "BookLibraryBackend", "BookLibraryBackend.csproj", "{24E756D6-0524-4648-98E1-EAC129A50C5D}"
EndProject
Project("{FAE04EC0-301F-11D3-BF4B-00C04F79EFBC}") = "UnitTests", "..\UnitTests\UnitTests.csproj", "{7C6FA3DD-CEDA-43E5-971A-2D76495EB82C}"
EndProject
Global
	GlobalSection(SolutionConfigurationPlatforms) = preSolution
		Debug|Any CPU = Debug|Any CPU
		Release|Any CPU = Release|Any CPU
	EndGlobalSection
	GlobalSection(ProjectConfigurationPlatforms) = postSolution
		{24E756D6-0524-4648-98E1-EAC129A50C5D}.Debug|Any CPU.ActiveCfg = Debug|Any CPU
		{24E756D6-0524-4648-98E1-EAC129A50C5D}.Debug|Any CPU.Build.0 = Debug|Any CPU
		{24E756D6-0524-4648-98E1-EAC129A50C5D}.Release|Any CPU.ActiveCfg = Release|Any CPU
		{24E756D6-0524-4648-98E1-EAC129A50C5D}.Release|Any CPU.Build.0 = Release|Any CPU
		{7C6FA3DD-CEDA-43E5-971A-2D76495EB82C}.Debug|Any CPU.ActiveCfg = Debug|Any CPU
		{7C6FA3DD-CEDA-43E5-971A-2D76495EB82C}.Debug|Any CPU.Build.0 = Debug|Any CPU
		{7C6FA3DD-CEDA-43E5-971A-2D76495EB82C}.Release|Any CPU.ActiveCfg = Release|Any CPU
		{7C6FA3DD-CEDA-43E5-971A-2D76495EB82C}.Release|Any CPU.Build.0 = Release|Any CPU
	EndGlobalSection
	GlobalSection(SolutionProperties) = preSolution
		HideSolutionNode = FALSE
	EndGlobalSection
	GlobalSection(ExtensibilityGlobals) = postSolution
		SolutionGuid = {066C99A5-7E30-4FDB-9C6F-36C4DA278E2E}
	EndGlobalSection
EndGlobal
